{
  "requires": true,
  "lockfileVersion": 1,
  "dependencies": {
    "@github/clipboard-copy-element": {
      "version": "1.1.2",
      "resolved": "https://registry.npmjs.org/@github/clipboard-copy-element/-/clipboard-copy-element-1.1.2.tgz",
      "integrity": "sha512-L6CMrcA5we0udafvoSuRCE/Ci/3xrLWKYRGup2IlhxF771bQYsQ2EB1of182pI8ZWM4oxgwzu37+igMeoZjN/A=="
    },
    "@github/time-elements": {
      "version": "3.1.2",
      "resolved": "https://registry.npmjs.org/@github/time-elements/-/time-elements-3.1.2.tgz",
      "integrity": "sha512-YVtZVLBikP6I7na22kfB9PKIseISwX41MFJ7lPuNz1VVH2IR5cpRRU6F1X6kcchPChljuvMUR4OiwMWHOJQ8kQ=="
    }
  }
}
